
Microsoft Visual Studio Solution File, Format Version 12.00
# Visual Studio Version 16
VisualStudioVersion = 16.0.808.6
MinimumVisualStudioVersion = 10.0.40219.1
Project("{FAE04EC0-301F-11D3-BF4B-00C04F79EFBC}") = "MovieCollection", "MovieCollection\MovieCollection.csproj", "{1DB26860-4360-4995-8A81-3BC3CAD11549}"
EndProject
Global
	GlobalSection(SolutionConfigurationPlatforms) = preSolution
		Debug|Any CPU = Debug|Any CPU
		Release|Any CPU = Release|Any CPU
	EndGlobalSection
	GlobalSection(ProjectConfigurationPlatforms) = postSolution
		{1DB26860-4360-4995-8A81-3BC3CAD11549}.Debug|Any CPU.ActiveCfg = Debug|Any CPU
		{1DB26860-4360-4995-8A81-3BC3CAD11549}.Debug|Any CPU.Build.0 = Debug|Any CPU
		{1DB26860-4360-4995-8A81-3BC3CAD11549}.Release|Any CPU.ActiveCfg = Release|Any CPU
		{1DB26860-4360-4995-8A81-3BC3CAD11549}.Release|Any CPU.Build.0 = Release|Any CPU
	EndGlobalSection
	GlobalSection(SolutionProperties) = preSolution
		HideSolutionNode = FALSE
	EndGlobalSection
	GlobalSection(ExtensibilityGlobals) = postSolution
		SolutionGuid = {86C73A5A-F0F0-4DC2-80F2-F86E19ABD10B}
	EndGlobalSection
EndGlobal
